
Microsoft Visual Studio Solution File, Format Version 12.00
# Visual Studio Version 17
VisualStudioVersion = 17.6.33815.320
MinimumVisualStudioVersion = 10.0.40219.1
Project("{FAE04EC0-301F-11D3-BF4B-00C04F79EFBC}") = "DummyData", "DummyData\DummyData.csproj", "{7B2C349A-5FE8-4A1D-A612-F44FA698566B}"
EndProject
Global
	GlobalSection(SolutionConfigurationPlatforms) = preSolution
		Debug|Any CPU = Debug|Any CPU
		Release|Any CPU = Release|Any CPU
	EndGlobalSection
	GlobalSection(ProjectConfigurationPlatforms) = postSolution
		{7B2C349A-5FE8-4A1D-A612-F44FA698566B}.Debug|Any CPU.ActiveCfg = Debug|Any CPU
		{7B2C349A-5FE8-4A1D-A612-F44FA698566B}.Debug|Any CPU.Build.0 = Debug|Any CPU
		{7B2C349A-5FE8-4A1D-A612-F44FA698566B}.Release|Any CPU.ActiveCfg = Release|Any CPU
		{7B2C349A-5FE8-4A1D-A612-F44FA698566B}.Release|Any CPU.Build.0 = Release|Any CPU
	EndGlobalSection
	GlobalSection(SolutionProperties) = preSolution
		HideSolutionNode = FALSE
	EndGlobalSection
	GlobalSection(ExtensibilityGlobals) = postSolution
		SolutionGuid = {F6AD82DC-29E6-4131-9A01-1427A9689DD5}
	EndGlobalSection
EndGlobal
